
Microsoft Visual Studio Solution File, Format Version 12.00
# Visual Studio Version 16
VisualStudioVersion = 16.0.30523.141
MinimumVisualStudioVersion = 10.0.40219.1
Project("{9A19103F-16F7-4668-BE54-9A1E7A4F7556}") = "WebAPI", "WebApi\WebAPI.csproj", "{0ACEFDDC-D082-448E-AE1D-3A067ACDC940}"
EndProject
Project("{9A19103F-16F7-4668-BE54-9A1E7A4F7556}") = "Domain", "Domain\Domain.csproj", "{4AAF8E7B-C165-4386-B137-BF22D9C411BC}"
EndProject
Project("{9A19103F-16F7-4668-BE54-9A1E7A4F7556}") = "Infrastructure", "Infrastructure\Infrastructure.csproj", "{516F53A7-0006-4D12-B103-BE6DD6149114}"
EndProject
Project("{2150E333-8FDC-42A3-9474-1A3956D46DE8}") = "ExternalAPIs", "ExternalAPIs", "{F3A7B842-3F0B-434E-8C17-179518851529}"
EndProject
Project("{9A19103F-16F7-4668-BE54-9A1E7A4F7556}") = "ApiFootball", "ApiFootball\ApiFootball.csproj", "{C17DED69-1371-4DBD-A494-69AC178134DE}"
EndProject
Project("{9A19103F-16F7-4668-BE54-9A1E7A4F7556}") = "UnitTests", "UnitTests\UnitTests.csproj", "{8701C252-4806-4367-8F4A-CC479A2DE5C8}"
EndProject
Project("{9A19103F-16F7-4668-BE54-9A1E7A4F7556}") = "Application", "Application\Application.csproj", "{EFCBD941-7D97-4112-A01E-9E101A29AE84}"
EndProject
Global
	GlobalSection(SolutionConfigurationPlatforms) = preSolution
		Debug|Any CPU = Debug|Any CPU
		Release|Any CPU = Release|Any CPU
	EndGlobalSection
	GlobalSection(ProjectConfigurationPlatforms) = postSolution
		{0ACEFDDC-D082-448E-AE1D-3A067ACDC940}.Debug|Any CPU.ActiveCfg = Debug|Any CPU
		{0ACEFDDC-D082-448E-AE1D-3A067ACDC940}.Debug|Any CPU.Build.0 = Debug|Any CPU
		{0ACEFDDC-D082-448E-AE1D-3A067ACDC940}.Release|Any CPU.ActiveCfg = Release|Any CPU
		{0ACEFDDC-D082-448E-AE1D-3A067ACDC940}.Release|Any CPU.Build.0 = Release|Any CPU
		{4AAF8E7B-C165-4386-B137-BF22D9C411BC}.Debug|Any CPU.ActiveCfg = Debug|Any CPU
		{4AAF8E7B-C165-4386-B137-BF22D9C411BC}.Debug|Any CPU.Build.0 = Debug|Any CPU
		{4AAF8E7B-C165-4386-B137-BF22D9C411BC}.Release|Any CPU.ActiveCfg = Release|Any CPU
		{4AAF8E7B-C165-4386-B137-BF22D9C411BC}.Release|Any CPU.Build.0 = Release|Any CPU
		{516F53A7-0006-4D12-B103-BE6DD6149114}.Debug|Any CPU.ActiveCfg = Debug|Any CPU
		{516F53A7-0006-4D12-B103-BE6DD6149114}.Debug|Any CPU.Build.0 = Debug|Any CPU
		{516F53A7-0006-4D12-B103-BE6DD6149114}.Release|Any CPU.ActiveCfg = Release|Any CPU
		{516F53A7-0006-4D12-B103-BE6DD6149114}.Release|Any CPU.Build.0 = Release|Any CPU
		{C17DED69-1371-4DBD-A494-69AC178134DE}.Debug|Any CPU.ActiveCfg = Debug|Any CPU
		{C17DED69-1371-4DBD-A494-69AC178134DE}.Debug|Any CPU.Build.0 = Debug|Any CPU
		{C17DED69-1371-4DBD-A494-69AC178134DE}.Release|Any CPU.ActiveCfg = Release|Any CPU
		{C17DED69-1371-4DBD-A494-69AC178134DE}.Release|Any CPU.Build.0 = Release|Any CPU
		{8701C252-4806-4367-8F4A-CC479A2DE5C8}.Debug|Any CPU.ActiveCfg = Debug|Any CPU
		{8701C252-4806-4367-8F4A-CC479A2DE5C8}.Debug|Any CPU.Build.0 = Debug|Any CPU
		{8701C252-4806-4367-8F4A-CC479A2DE5C8}.Release|Any CPU.ActiveCfg = Release|Any CPU
		{8701C252-4806-4367-8F4A-CC479A2DE5C8}.Release|Any CPU.Build.0 = Release|Any CPU
		{EFCBD941-7D97-4112-A01E-9E101A29AE84}.Debug|Any CPU.ActiveCfg = Debug|Any CPU
		{EFCBD941-7D97-4112-A01E-9E101A29AE84}.Debug|Any CPU.Build.0 = Debug|Any CPU
		{EFCBD941-7D97-4112-A01E-9E101A29AE84}.Release|Any CPU.ActiveCfg = Release|Any CPU
		{EFCBD941-7D97-4112-A01E-9E101A29AE84}.Release|Any CPU.Build.0 = Release|Any CPU
	EndGlobalSection
	GlobalSection(SolutionProperties) = preSolution
		HideSolutionNode = FALSE
	EndGlobalSection
	GlobalSection(NestedProjects) = preSolution
		{C17DED69-1371-4DBD-A494-69AC178134DE} = {F3A7B842-3F0B-434E-8C17-179518851529}
	EndGlobalSection
	GlobalSection(ExtensibilityGlobals) = postSolution
		SolutionGuid = {BD7499ED-E74E-493C-9115-D3AFAAA5C9EF}
	EndGlobalSection
EndGlobal
